
Microsoft Visual Studio Solution File, Format Version 12.00
# Visual Studio Version 16
VisualStudioVersion = 16.0.32413.511
MinimumVisualStudioVersion = 10.0.40219.1
Project("{FAE04EC0-301F-11D3-BF4B-00C04F79EFBC}") = "Proiect DAD v2", "Proiect DAD v2\Proiect DAD v2.csproj", "{7DC1904D-FB33-4F09-8421-854A1687E9CD}"
EndProject
Global
	GlobalSection(SolutionConfigurationPlatforms) = preSolution
		Debug|Any CPU = Debug|Any CPU
		Release|Any CPU = Release|Any CPU
	EndGlobalSection
	GlobalSection(ProjectConfigurationPlatforms) = postSolution
		{7DC1904D-FB33-4F09-8421-854A1687E9CD}.Debug|Any CPU.ActiveCfg = Debug|Any CPU
		{7DC1904D-FB33-4F09-8421-854A1687E9CD}.Debug|Any CPU.Build.0 = Debug|Any CPU
		{7DC1904D-FB33-4F09-8421-854A1687E9CD}.Release|Any CPU.ActiveCfg = Release|Any CPU
		{7DC1904D-FB33-4F09-8421-854A1687E9CD}.Release|Any CPU.Build.0 = Release|Any CPU
	EndGlobalSection
	GlobalSection(SolutionProperties) = preSolution
		HideSolutionNode = FALSE
	EndGlobalSection
	GlobalSection(ExtensibilityGlobals) = postSolution
		SolutionGuid = {72F9B947-981F-460C-8F9B-4605BD13101C}
	EndGlobalSection
EndGlobal
